// !$*UTF8*$!
{
	archiveVersion = 1;
	classes = {
	};
	objectVersion = 52;
	objects = {

/* Begin PBXBuildFile section */
		6E9B186B26726423007149DE /* NewsAppApp.swift in Sources */ = {isa = PBXBuildFile; fileRef = 6E9B186A26726423007149DE /* NewsAppApp.swift */; };
		6E9B186F26726432007149DE /* Assets.xcassets in Resources */ = {isa = PBXBuildFile; fileRef = 6E9B186E26726432007149DE /* Assets.xcassets */; };
		6E9B187226726432007149DE /* Preview Assets.xcassets in Resources */ = {isa = PBXBuildFile; fileRef = 6E9B187126726432007149DE /* Preview Assets.xcassets */; };
		6E9B187C267268DC007149DE /* HomeView.swift in Sources */ = {isa = PBXBuildFile; fileRef = 6E9B187B267268DC007149DE /* HomeView.swift */; };
		6E9B188126726B44007149DE /* NewsResponse.swift in Sources */ = {isa = PBXBuildFile; fileRef = 6E9B188026726B44007149DE /* NewsResponse.swift */; };
		6E9B188526726BE5007149DE /* NewsEndpoint.swift in Sources */ = {isa = PBXBuildFile; fileRef = 6E9B188426726BE5007149DE /* NewsEndpoint.swift */; };
		6E9B188926726E6E007149DE /* APIError.swift in Sources */ = {isa = PBXBuildFile; fileRef = 6E9B188826726E6E007149DE /* APIError.swift */; };
		6E9B188D26727167007149DE /* NewsService.swift in Sources */ = {isa = PBXBuildFile; fileRef = 6E9B188C26727167007149DE /* NewsService.swift */; };
		6E9B1891267276CC007149DE /* ResultState.swift in Sources */ = {isa = PBXBuildFile; fileRef = 6E9B1890267276CC007149DE /* ResultState.swift */; };
		6E9B18962672771F007149DE /* NewsViewModel.swift in Sources */ = {isa = PBXBuildFile; fileRef = 6E9B18952672771F007149DE /* NewsViewModel.swift */; };
		6E9B189D267282C8007149DE /* ArticleView.swift in Sources */ = {isa = PBXBuildFile; fileRef = 6E9B189C267282C8007149DE /* ArticleView.swift */; };
		6E9B18A026750535007149DE /* ErrorView.swift in Sources */ = {isa = PBXBuildFile; fileRef = 6E9B189F26750535007149DE /* ErrorView.swift */; };
		6EEC13CC267902DD0060AF15 /* URLImage in Frameworks */ = {isa = PBXBuildFile; productRef = 6EEC13CB267902DD0060AF15 /* URLImage */; };
/* End PBXBuildFile section */

/* Begin PBXFileReference section */
		6E9B186726726423007149DE /* NewsApp.app */ = {isa = PBXFileReference; explicitFileType = wrapper.application; includeInIndex = 0; path = NewsApp.app; sourceTree = BUILT_PRODUCTS_DIR; };
		6E9B186A26726423007149DE /* NewsAppApp.swift */ = {isa = PBXFileReference; lastKnownFileType = sourcecode.swift; path = NewsAppApp.swift; sourceTree = "<group>"; };
		6E9B186E26726432007149DE /* Assets.xcassets */ = {isa = PBXFileReference; lastKnownFileType = folder.assetcatalog; path = Assets.xcassets; sourceTree = "<group>"; };
		6E9B187126726432007149DE /* Preview Assets.xcassets */ = {isa = PBXFileReference; lastKnownFileType = folder.assetcatalog; path = "Preview Assets.xcassets"; sourceTree = "<group>"; };
		6E9B187326726432007149DE /* Info.plist */ = {isa = PBXFileReference; lastKnownFileType = text.plist.xml; path = Info.plist; sourceTree = "<group>"; };
		6E9B187B267268DC007149DE /* HomeView.swift */ = {isa = PBXFileReference; lastKnownFileType = sourcecode.swift; path = HomeView.swift; sourceTree = "<group>"; };
		6E9B188026726B44007149DE /* NewsResponse.swift */ = {isa = PBXFileReference; lastKnownFileType = sourcecode.swift; path = NewsResponse.swift; sourceTree = "<group>"; };
		6E9B188426726BE5007149DE /* NewsEndpoint.swift */ = {isa = PBXFileReference; lastKnownFileType = sourcecode.swift; path = NewsEndpoint.swift; sourceTree = "<group>"; };
		6E9B188826726E6E007149DE /* APIError.swift */ = {isa = PBXFileReference; lastKnownFileType = sourcecode.swift; path = APIError.swift; sourceTree = "<group>"; };
		6E9B188C26727167007149DE /* NewsService.swift */ = {isa = PBXFileReference; lastKnownFileType = sourcecode.swift; path = NewsService.swift; sourceTree = "<group>"; };
		6E9B1890267276CC007149DE /* ResultState.swift */ = {isa = PBXFileReference; lastKnownFileType = sourcecode.swift; path = ResultState.swift; sourceTree = "<group>"; };
		6E9B18952672771F007149DE /* NewsViewModel.swift */ = {isa = PBXFileReference; lastKnownFileType = sourcecode.swift; path = NewsViewModel.swift; sourceTree = "<group>"; };
		6E9B189C267282C8007149DE /* ArticleView.swift */ = {isa = PBXFileReference; lastKnownFileType = sourcecode.swift; path = ArticleView.swift; sourceTree = "<group>"; };
		6E9B189F26750535007149DE /* ErrorView.swift */ = {isa = PBXFileReference; lastKnownFileType = sourcecode.swift; path = ErrorView.swift; sourceTree = "<group>"; };
/* End PBXFileReference section */

/* Begin PBXFrameworksBuildPhase section */
		6E9B186426726423007149DE /* Frameworks */ = {
			isa = PBXFrameworksBuildPhase;
			buildActionMask = 2147483647;
			files = (
				6EEC13CC267902DD0060AF15 /* URLImage in Frameworks */,
			);
			runOnlyForDeploymentPostprocessing = 0;
		};
/* End PBXFrameworksBuildPhase section */

/* Begin PBXGroup section */
		6E9B185E26726423007149DE = {
			isa = PBXGroup;
			children = (
				6E9B186926726423007149DE /* NewsApp */,
				6E9B186826726423007149DE /* Products */,
			);
			sourceTree = "<group>";
		};
		6E9B186826726423007149DE /* Products */ = {
			isa = PBXGroup;
			children = (
				6E9B186726726423007149DE /* NewsApp.app */,
			);
			name = Products;
			sourceTree = "<group>";
		};
		6E9B186926726423007149DE /* NewsApp */ = {
			isa = PBXGroup;
			children = (
				6E9B189426727709007149DE /* ViewModel */,
				6E9B188F267276B5007149DE /* States */,
				6E9B188B26727155007149DE /* Service */,
				6E9B188726726E58007149DE /* Error */,
				6E9B188326726BC4007149DE /* Endpoint */,
				6E9B187F26726B1F007149DE /* Model */,
				6E9B187A267268CA007149DE /* Views */,
				6E9B186A26726423007149DE /* NewsAppApp.swift */,
				6E9B186E26726432007149DE /* Assets.xcassets */,
				6E9B187326726432007149DE /* Info.plist */,
				6E9B187026726432007149DE /* Preview Content */,
			);
			path = NewsApp;
			sourceTree = "<group>";
		};
		6E9B187026726432007149DE /* Preview Content */ = {
			isa = PBXGroup;
			children = (
				6E9B187126726432007149DE /* Preview Assets.xcassets */,
			);
			path = "Preview Content";
			sourceTree = "<group>";
		};
		6E9B187A267268CA007149DE /* Views */ = {
			isa = PBXGroup;
			children = (
				6E9B187B267268DC007149DE /* HomeView.swift */,
				6E9B189C267282C8007149DE /* ArticleView.swift */,
				6E9B189F26750535007149DE /* ErrorView.swift */,
			);
			path = Views;
			sourceTree = "<group>";
		};
		6E9B187F26726B1F007149DE /* Model */ = {
			isa = PBXGroup;
			children = (
				6E9B188026726B44007149DE /* NewsResponse.swift */,
			);
			path = Model;
			sourceTree = "<group>";
		};
		6E9B188326726BC4007149DE /* Endpoint */ = {
			isa = PBXGroup;
			children = (
				6E9B188426726BE5007149DE /* NewsEndpoint.swift */,
			);
			path = Endpoint;
			sourceTree = "<group>";
		};
		6E9B188726726E58007149DE /* Error */ = {
			isa = PBXGroup;
			children = (
				6E9B188826726E6E007149DE /* APIError.swift */,
			);
			path = Error;
			sourceTree = "<group>";
		};
		6E9B188B26727155007149DE /* Service */ = {
			isa = PBXGroup;
			children = (
				6E9B188C26727167007149DE /* NewsService.swift */,
			);
			path = Service;
			sourceTree = "<group>";
		};
		6E9B188F267276B5007149DE /* States */ = {
			isa = PBXGroup;
			children = (
				6E9B1890267276CC007149DE /* ResultState.swift */,
			);
			path = States;
			sourceTree = "<group>";
		};
		6E9B189426727709007149DE /* ViewModel */ = {
			isa = PBXGroup;
			children = (
				6E9B18952672771F007149DE /* NewsViewModel.swift */,
			);
			path = ViewModel;
			sourceTree = "<group>";
		};
/* End PBXGroup section */

/* Begin PBXNativeTarget section */
		6E9B186626726423007149DE /* NewsApp */ = {
			isa = PBXNativeTarget;
			buildConfigurationList = 6E9B187626726432007149DE /* Build configuration list for PBXNativeTarget "NewsApp" */;
			buildPhases = (
				6E9B186326726423007149DE /* Sources */,
				6E9B186426726423007149DE /* Frameworks */,
				6E9B186526726423007149DE /* Resources */,
			);
			buildRules = (
			);
			dependencies = (
			);
			name = NewsApp;
			packageProductDependencies = (
				6EEC13CB267902DD0060AF15 /* URLImage */,
			);
			productName = NewsApp;
			productReference = 6E9B186726726423007149DE /* NewsApp.app */;
			productType = "com.apple.product-type.application";
		};
/* End PBXNativeTarget section */

/* Begin PBXProject section */
		6E9B185F26726423007149DE /* Project object */ = {
			isa = PBXProject;
			attributes = {
				LastSwiftUpdateCheck = 1240;
				LastUpgradeCheck = 1240;
				TargetAttributes = {
					6E9B186626726423007149DE = {
						CreatedOnToolsVersion = 12.4;
					};
				};
			};
			buildConfigurationList = 6E9B186226726423007149DE /* Build configuration list for PBXProject "NewsApp" */;
			compatibilityVersion = "Xcode 9.3";
			developmentRegion = en;
			hasScannedForEncodings = 0;
			knownRegions = (
				en,
				Base,
			);
			mainGroup = 6E9B185E26726423007149DE;
			packageReferences = (
				6EEC13CA267902DD0060AF15 /* XCRemoteSwiftPackageReference "url-image" */,
			);
			productRefGroup = 6E9B186826726423007149DE /* Products */;
			projectDirPath = "";
			projectRoot = "";
			targets = (
				6E9B186626726423007149DE /* NewsApp */,
			);
		};
/* End PBXProject section */

/* Begin PBXResourcesBuildPhase section */
		6E9B186526726423007149DE /* Resources */ = {
			isa = PBXResourcesBuildPhase;
			buildActionMask = 2147483647;
			files = (
				6E9B187226726432007149DE /* Preview Assets.xcassets in Resources */,
				6E9B186F26726432007149DE /* Assets.xcassets in Resources */,
			);
			runOnlyForDeploymentPostprocessing = 0;
		};
/* End PBXResourcesBuildPhase section */

/* Begin PBXSourcesBuildPhase section */
		6E9B186326726423007149DE /* Sources */ = {
			isa = PBXSourcesBuildPhase;
			buildActionMask = 2147483647;
			files = (
				6E9B1891267276CC007149DE /* ResultState.swift in Sources */,
				6E9B188D26727167007149DE /* NewsService.swift in Sources */,
				6E9B187C267268DC007149DE /* HomeView.swift in Sources */,
				6E9B186B26726423007149DE /* NewsAppApp.swift in Sources */,
				6E9B188126726B44007149DE /* NewsResponse.swift in Sources */,
				6E9B18A026750535007149DE /* ErrorView.swift in Sources */,
				6E9B188926726E6E007149DE /* APIError.swift in Sources */,
				6E9B188526726BE5007149DE /* NewsEndpoint.swift in Sources */,
				6E9B189D267282C8007149DE /* ArticleView.swift in Sources */,
				6E9B18962672771F007149DE /* NewsViewModel.swift in Sources */,
			);
			runOnlyForDeploymentPostprocessing = 0;
		};
/* End PBXSourcesBuildPhase section */

/* Begin XCBuildConfiguration section */
		6E9B187426726432007149DE /* Debug */ = {
			isa = XCBuildConfiguration;
			buildSettings = {
				ALWAYS_SEARCH_USER_PATHS = NO;
				CLANG_ANALYZER_NONNULL = YES;
				CLANG_ANALYZER_NUMBER_OBJECT_CONVERSION = YES_AGGRESSIVE;
				CLANG_CXX_LANGUAGE_STANDARD = "gnu++14";
				CLANG_CXX_LIBRARY = "libc++";
				CLANG_ENABLE_MODULES = YES;
				CLANG_ENABLE_OBJC_ARC = YES;
				CLANG_ENABLE_OBJC_WEAK = YES;
				CLANG_WARN_BLOCK_CAPTURE_AUTORELEASING = YES;
				CLANG_WARN_BOOL_CONVERSION = YES;
				CLANG_WARN_COMMA = YES;
				CLANG_WARN_CONSTANT_CONVERSION = YES;
				CLANG_WARN_DEPRECATED_OBJC_IMPLEMENTATIONS = YES;
				CLANG_WARN_DIRECT_OBJC_ISA_USAGE = YES_ERROR;
				CLANG_WARN_DOCUMENTATION_COMMENTS = YES;
				CLANG_WARN_EMPTY_BODY = YES;
				CLANG_WARN_ENUM_CONVERSION = YES;
				CLANG_WARN_INFINITE_RECURSION = YES;
				CLANG_WARN_INT_CONVERSION = YES;
				CLANG_WARN_NON_LITERAL_NULL_CONVERSION = YES;
				CLANG_WARN_OBJC_IMPLICIT_RETAIN_SELF = YES;
				CLANG_WARN_OBJC_LITERAL_CONVERSION = YES;
				CLANG_WARN_OBJC_ROOT_CLASS = YES_ERROR;
				CLANG_WARN_QUOTED_INCLUDE_IN_FRAMEWORK_HEADER = YES;
				CLANG_WARN_RANGE_LOOP_ANALYSIS = YES;
				CLANG_WARN_STRICT_PROTOTYPES = YES;
				CLANG_WARN_SUSPICIOUS_MOVE = YES;
				CLANG_WARN_UNGUARDED_AVAILABILITY = YES_AGGRESSIVE;
				CLANG_WARN_UNREACHABLE_CODE = YES;
				CLANG_WARN__DUPLICATE_METHOD_MATCH = YES;
				COPY_PHASE_STRIP = NO;
				DEBUG_INFORMATION_FORMAT = dwarf;
				ENABLE_STRICT_OBJC_MSGSEND = YES;
				ENABLE_TESTABILITY = YES;
				GCC_C_LANGUAGE_STANDARD = gnu11;
				GCC_DYNAMIC_NO_PIC = NO;
				GCC_NO_COMMON_BLOCKS = YES;
				GCC_OPTIMIZATION_LEVEL = 0;
				GCC_PREPROCESSOR_DEFINITIONS = (
					"DEBUG=1",
					"$(inherited)",
				);
				GCC_WARN_64_TO_32_BIT_CONVERSION = YES;
				GCC_WARN_ABOUT_RETURN_TYPE = YES_ERROR;
				GCC_WARN_UNDECLARED_SELECTOR = YES;
				GCC_WARN_UNINITIALIZED_AUTOS = YES_AGGRESSIVE;
				GCC_WARN_UNUSED_FUNCTION = YES;
				GCC_WARN_UNUSED_VARIABLE = YES;
				IPHONEOS_DEPLOYMENT_TARGET = 14.4;
				MTL_ENABLE_DEBUG_INFO = INCLUDE_SOURCE;
				MTL_FAST_MATH = YES;
				ONLY_ACTIVE_ARCH = YES;
				SDKROOT = iphoneos;
				SWIFT_ACTIVE_COMPILATION_CONDITIONS = DEBUG;
				SWIFT_OPTIMIZATION_LEVEL = "-Onone";
			};
			name = Debug;
		};
		6E9B187526726432007149DE /* Release */ = {
			isa = XCBuildConfiguration;
			buildSettings = {
				ALWAYS_SEARCH_USER_PATHS = NO;
				CLANG_ANALYZER_NONNULL = YES;
				CLANG_ANALYZER_NUMBER_OBJECT_CONVERSION = YES_AGGRESSIVE;
				CLANG_CXX_LANGUAGE_STANDARD = "gnu++14";
				CLANG_CXX_LIBRARY = "libc++";
				CLANG_ENABLE_MODULES = YES;
				CLANG_ENABLE_OBJC_ARC = YES;
				CLANG_ENABLE_OBJC_WEAK = YES;
				CLANG_WARN_BLOCK_CAPTURE_AUTORELEASING = YES;
				CLANG_WARN_BOOL_CONVERSION = YES;
				CLANG_WARN_COMMA = YES;
				CLANG_WARN_CONSTANT_CONVERSION = YES;
				CLANG_WARN_DEPRECATED_OBJC_IMPLEMENTATIONS = YES;
				CLANG_WARN_DIRECT_OBJC_ISA_USAGE = YES_ERROR;
				CLANG_WARN_DOCUMENTATION_COMMENTS = YES;
				CLANG_WARN_EMPTY_BODY = YES;
				CLANG_WARN_ENUM_CONVERSION = YES;
				CLANG_WARN_INFINITE_RECURSION = YES;
				CLANG_WARN_INT_CONVERSION = YES;
				CLANG_WARN_NON_LITERAL_NULL_CONVERSION = YES;
				CLANG_WARN_OBJC_IMPLICIT_RETAIN_SELF = YES;
				CLANG_WARN_OBJC_LITERAL_CONVERSION = YES;
				CLANG_WARN_OBJC_ROOT_CLASS = YES_ERROR;
				CLANG_WARN_QUOTED_INCLUDE_IN_FRAMEWORK_HEADER = YES;
				CLANG_WARN_RANGE_LOOP_ANALYSIS = YES;
				CLANG_WARN_STRICT_PROTOTYPES = YES;
				CLANG_WARN_SUSPICIOUS_MOVE = YES;
				CLANG_WARN_UNGUARDED_AVAILABILITY = YES_AGGRESSIVE;
				CLANG_WARN_UNREACHABLE_CODE = YES;
				CLANG_WARN__DUPLICATE_METHOD_MATCH = YES;
				COPY_PHASE_STRIP = NO;
				DEBUG_INFORMATION_FORMAT = "dwarf-with-dsym";
				ENABLE_NS_ASSERTIONS = NO;
				ENABLE_STRICT_OBJC_MSGSEND = YES;
				GCC_C_LANGUAGE_STANDARD = gnu11;
				GCC_NO_COMMON_BLOCKS = YES;
				GCC_WARN_64_TO_32_BIT_CONVERSION = YES;
				GCC_WARN_ABOUT_RETURN_TYPE = YES_ERROR;
				GCC_WARN_UNDECLARED_SELECTOR = YES;
				GCC_WARN_UNINITIALIZED_AUTOS = YES_AGGRESSIVE;
				GCC_WARN_UNUSED_FUNCTION = YES;
				GCC_WARN_UNUSED_VARIABLE = YES;
				IPHONEOS_DEPLOYMENT_TARGET = 14.4;
				MTL_ENABLE_DEBUG_INFO = NO;
				MTL_FAST_MATH = YES;
				SDKROOT = iphoneos;
				SWIFT_COMPILATION_MODE = wholemodule;
				SWIFT_OPTIMIZATION_LEVEL = "-O";
				VALIDATE_PRODUCT = YES;
			};
			name = Release;
		};
		6E9B187726726432007149DE /* Debug */ = {
			isa = XCBuildConfiguration;
			buildSettings = {
				ASSETCATALOG_COMPILER_APPICON_NAME = AppIcon;
				ASSETCATALOG_COMPILER_GLOBAL_ACCENT_COLOR_NAME = AccentColor;
				CODE_SIGN_STYLE = Automatic;
				DEVELOPMENT_ASSET_PATHS = "\"NewsApp/Preview Content\"";
				ENABLE_PREVIEWS = YES;
				INFOPLIST_FILE = NewsApp/Info.plist;
				IPHONEOS_DEPLOYMENT_TARGET = 14.4;
				LD_RUNPATH_SEARCH_PATHS = (
					"$(inherited)",
					"@executable_path/Frameworks",
				);
				PRODUCT_BUNDLE_IDENTIFIER = com.Mojjan4.NewsApp;
				PRODUCT_NAME = "$(TARGET_NAME)";
				SWIFT_VERSION = 5.0;
				TARGETED_DEVICE_FAMILY = "1,2";
			};
			name = Debug;
		};
		6E9B187826726432007149DE /* Release */ = {
			isa = XCBuildConfiguration;
			buildSettings = {
				ASSETCATALOG_COMPILER_APPICON_NAME = AppIcon;
				ASSETCATALOG_COMPILER_GLOBAL_ACCENT_COLOR_NAME = AccentColor;
				CODE_SIGN_STYLE = Automatic;
				DEVELOPMENT_ASSET_PATHS = "\"NewsApp/Preview Content\"";
				ENABLE_PREVIEWS = YES;
				INFOPLIST_FILE = NewsApp/Info.plist;
				IPHONEOS_DEPLOYMENT_TARGET = 14.4;
				LD_RUNPATH_SEARCH_PATHS = (
					"$(inherited)",
					"@executable_path/Frameworks",
				);
				PRODUCT_BUNDLE_IDENTIFIER = com.Mojjan4.NewsApp;
				PRODUCT_NAME = "$(TARGET_NAME)";
				SWIFT_VERSION = 5.0;
				TARGETED_DEVICE_FAMILY = "1,2";
			};
			name = Release;
		};
/* End XCBuildConfiguration section */

/* Begin XCConfigurationList section */
		6E9B186226726423007149DE /* Build configuration list for PBXProject "NewsApp" */ = {
			isa = XCConfigurationList;
			buildConfigurations = (
				6E9B187426726432007149DE /* Debug */,
				6E9B187526726432007149DE /* Release */,
			);
			defaultConfigurationIsVisible = 0;
			defaultConfigurationName = Release;
		};
		6E9B187626726432007149DE /* Build configuration list for PBXNativeTarget "NewsApp" */ = {
			isa = XCConfigurationList;
			buildConfigurations = (
				6E9B187726726432007149DE /* Debug */,
				6E9B187826726432007149DE /* Release */,
			);
			defaultConfigurationIsVisible = 0;
			defaultConfigurationName = Release;
		};
/* End XCConfigurationList section */

/* Begin XCRemoteSwiftPackageReference section */
		6EEC13CA267902DD0060AF15 /* XCRemoteSwiftPackageReference "url-image" */ = {
			isa = XCRemoteSwiftPackageReference;
			repositoryURL = "https://github.com/dmytro-anokhin/url-image";
			requirement = {
				kind = upToNextMajorVersion;
				minimumVersion = 2.2.3;
			};
		};
/* End XCRemoteSwiftPackageReference section */

/* Begin XCSwiftPackageProductDependency section */
		6EEC13CB267902DD0060AF15 /* URLImage */ = {
			isa = XCSwiftPackageProductDependency;
			package = 6EEC13CA267902DD0060AF15 /* XCRemoteSwiftPackageReference "url-image" */;
			productName = URLImage;
		};
/* End XCSwiftPackageProductDependency section */
	};
	rootObject = 6E9B185F26726423007149DE /* Project object */;
}
